
Microsoft Visual Studio Solution File, Format Version 12.00
# Visual Studio Version 16
VisualStudioVersion = 16.0.30621.155
MinimumVisualStudioVersion = 10.0.40219.1
Project("{FAE04EC0-301F-11D3-BF4B-00C04F79EFBC}") = "WebApplication28", "WebApplication28\WebApplication28.csproj", "{4B3EEA94-3ED9-4FCA-8477-8A5546D68B97}"
EndProject
Global
	GlobalSection(SolutionConfigurationPlatforms) = preSolution
		Debug|Any CPU = Debug|Any CPU
		Release|Any CPU = Release|Any CPU
	EndGlobalSection
	GlobalSection(ProjectConfigurationPlatforms) = postSolution
		{4B3EEA94-3ED9-4FCA-8477-8A5546D68B97}.Debug|Any CPU.ActiveCfg = Debug|Any CPU
		{4B3EEA94-3ED9-4FCA-8477-8A5546D68B97}.Debug|Any CPU.Build.0 = Debug|Any CPU
		{4B3EEA94-3ED9-4FCA-8477-8A5546D68B97}.Release|Any CPU.ActiveCfg = Release|Any CPU
		{4B3EEA94-3ED9-4FCA-8477-8A5546D68B97}.Release|Any CPU.Build.0 = Release|Any CPU
	EndGlobalSection
	GlobalSection(SolutionProperties) = preSolution
		HideSolutionNode = FALSE
	EndGlobalSection
	GlobalSection(ExtensibilityGlobals) = postSolution
		SolutionGuid = {AA994AAC-D42A-48CD-A07A-5E0D3AF1F98C}
	EndGlobalSection
EndGlobal
